
Microsoft Visual Studio Solution File, Format Version 12.00
# Visual Studio Version 16
VisualStudioVersion = 16.0.30717.126
MinimumVisualStudioVersion = 10.0.40219.1
Project("{FAE04EC0-301F-11D3-BF4B-00C04F79EFBC}") = "projecto17_multiplos8", "projecto17_multiplos8\projecto17_multiplos8.csproj", "{2B424718-4240-423E-B7C2-5D4973A96439}"
EndProject
Global
	GlobalSection(SolutionConfigurationPlatforms) = preSolution
		Debug|Any CPU = Debug|Any CPU
		Release|Any CPU = Release|Any CPU
	EndGlobalSection
	GlobalSection(ProjectConfigurationPlatforms) = postSolution
		{2B424718-4240-423E-B7C2-5D4973A96439}.Debug|Any CPU.ActiveCfg = Debug|Any CPU
		{2B424718-4240-423E-B7C2-5D4973A96439}.Debug|Any CPU.Build.0 = Debug|Any CPU
		{2B424718-4240-423E-B7C2-5D4973A96439}.Release|Any CPU.ActiveCfg = Release|Any CPU
		{2B424718-4240-423E-B7C2-5D4973A96439}.Release|Any CPU.Build.0 = Release|Any CPU
	EndGlobalSection
	GlobalSection(SolutionProperties) = preSolution
		HideSolutionNode = FALSE
	EndGlobalSection
	GlobalSection(ExtensibilityGlobals) = postSolution
		SolutionGuid = {1504BD1B-9134-49C8-A88F-B9BB2C74D623}
	EndGlobalSection
EndGlobal
